
Microsoft Visual Studio Solution File, Format Version 12.00
# Visual Studio 15
VisualStudioVersion = 15.0.26403.7
MinimumVisualStudioVersion = 10.0.40219.1
Project("{FAE04EC0-301F-11D3-BF4B-00C04F79EFBC}") = "Openccpm.XForms.Android", "Openccpm.XForms\Openccpm.XForms.Android\Openccpm.XForms.Android.csproj", "{064C225A-6752-4E4C-932D-66449DA27569}"
EndProject
Project("{FAE04EC0-301F-11D3-BF4B-00C04F79EFBC}") = "Openccpm.XForms", "Openccpm.XForms\Openccpm.XForms\Openccpm.XForms.csproj", "{CB96D3C5-734B-4DBB-BBC1-10913D29BBD3}"
EndProject
Project("{FAE04EC0-301F-11D3-BF4B-00C04F79EFBC}") = "Openccpm.XForms.UWP", "Openccpm.XForms\Openccpm.XForms.UWP\Openccpm.XForms.UWP.csproj", "{D805468A-A917-4FF8-BE53-B3FA0A29F1B8}"
EndProject
Project("{FAE04EC0-301F-11D3-BF4B-00C04F79EFBC}") = "Openccpm.XForms.iOS", "Openccpm.XForms\Openccpm.XForms.iOS\Openccpm.XForms.iOS.csproj", "{CEBB3DFF-34B7-4D71-A9A6-7B758DCF8037}"
EndProject
Project("{FAE04EC0-301F-11D3-BF4B-00C04F79EFBC}") = "Openccpm.Lib.PCL", "Openccpm.Lib.PCL\Openccpm.Lib.PCL.csproj", "{67F9D3A8-F71E-4428-913F-C37AE82CDB24}"
EndProject
Project("{D954291E-2A0B-460D-934E-DC6B0785DB48}") = "Openccpm.Lib", "..\Openccpm.Web\Openccpm.Lib\Openccpm.Lib.shproj", "{E95095E4-9C28-4C3A-82E9-B7EAD57F7094}"
EndProject
Global
	GlobalSection(SharedMSBuildProjectFiles) = preSolution
		..\Openccpm.Web\Openccpm.Lib\Openccpm.Lib.projitems*{67f9d3a8-f71e-4428-913f-c37ae82cdb24}*SharedItemsImports = 4
		..\Openccpm.Web\Openccpm.Lib\Openccpm.Lib.projitems*{e95095e4-9c28-4c3a-82e9-b7ead57f7094}*SharedItemsImports = 13
	EndGlobalSection
	GlobalSection(SolutionConfigurationPlatforms) = preSolution
		Ad-Hoc|Any CPU = Ad-Hoc|Any CPU
		Ad-Hoc|ARM = Ad-Hoc|ARM
		Ad-Hoc|iPhone = Ad-Hoc|iPhone
		Ad-Hoc|iPhoneSimulator = Ad-Hoc|iPhoneSimulator
		Ad-Hoc|x64 = Ad-Hoc|x64
		Ad-Hoc|x86 = Ad-Hoc|x86
		AppStore|Any CPU = AppStore|Any CPU
		AppStore|ARM = AppStore|ARM
		AppStore|iPhone = AppStore|iPhone
		AppStore|iPhoneSimulator = AppStore|iPhoneSimulator
		AppStore|x64 = AppStore|x64
		AppStore|x86 = AppStore|x86
		Debug|Any CPU = Debug|Any CPU
		Debug|ARM = Debug|ARM
		Debug|iPhone = Debug|iPhone
		Debug|iPhoneSimulator = Debug|iPhoneSimulator
		Debug|x64 = Debug|x64
		Debug|x86 = Debug|x86
		Release|Any CPU = Release|Any CPU
		Release|ARM = Release|ARM
		Release|iPhone = Release|iPhone
		Release|iPhoneSimulator = Release|iPhoneSimulator
		Release|x64 = Release|x64
		Release|x86 = Release|x86
	EndGlobalSection
	GlobalSection(ProjectConfigurationPlatforms) = postSolution
		{064C225A-6752-4E4C-932D-66449DA27569}.Ad-Hoc|Any CPU.ActiveCfg = Release|Any CPU
		{064C225A-6752-4E4C-932D-66449DA27569}.Ad-Hoc|Any CPU.Build.0 = Release|Any CPU
		{064C225A-6752-4E4C-932D-66449DA27569}.Ad-Hoc|Any CPU.Deploy.0 = Release|Any CPU
		{064C225A-6752-4E4C-932D-66449DA27569}.Ad-Hoc|ARM.ActiveCfg = Release|Any CPU
		{064C225A-6752-4E4C-932D-66449DA27569}.Ad-Hoc|ARM.Build.0 = Release|Any CPU
		{064C225A-6752-4E4C-932D-66449DA27569}.Ad-Hoc|ARM.Deploy.0 = Release|Any CPU
		{064C225A-6752-4E4C-932D-66449DA27569}.Ad-Hoc|iPhone.ActiveCfg = Release|Any CPU
		{064C225A-6752-4E4C-932D-66449DA27569}.Ad-Hoc|iPhone.Build.0 = Release|Any CPU
		{064C225A-6752-4E4C-932D-66449DA27569}.Ad-Hoc|iPhone.Deploy.0 = Release|Any CPU
		{064C225A-6752-4E4C-932D-66449DA27569}.Ad-Hoc|iPhoneSimulator.ActiveCfg = Release|Any CPU
		{064C225A-6752-4E4C-932D-66449DA27569}.Ad-Hoc|iPhoneSimulator.Build.0 = Release|Any CPU
		{064C225A-6752-4E4C-932D-66449DA27569}.Ad-Hoc|iPhoneSimulator.Deploy.0 = Release|Any CPU
		{064C225A-6752-4E4C-932D-66449DA27569}.Ad-Hoc|x64.ActiveCfg = Release|Any CPU
		{064C225A-6752-4E4C-932D-66449DA27569}.Ad-Hoc|x64.Build.0 = Release|Any CPU
		{064C225A-6752-4E4C-932D-66449DA27569}.Ad-Hoc|x64.Deploy.0 = Release|Any CPU
		{064C225A-6752-4E4C-932D-66449DA27569}.Ad-Hoc|x86.ActiveCfg = Release|Any CPU
		{064C225A-6752-4E4C-932D-66449DA27569}.Ad-Hoc|x86.Build.0 = Release|Any CPU
		{064C225A-6752-4E4C-932D-66449DA27569}.Ad-Hoc|x86.Deploy.0 = Release|Any CPU
		{064C225A-6752-4E4C-932D-66449DA27569}.AppStore|Any CPU.ActiveCfg = Release|Any CPU
		{064C225A-6752-4E4C-932D-66449DA27569}.AppStore|Any CPU.Build.0 = Release|Any CPU
		{064C225A-6752-4E4C-932D-66449DA27569}.AppStore|Any CPU.Deploy.0 = Release|Any CPU
		{064C225A-6752-4E4C-932D-66449DA27569}.AppStore|ARM.ActiveCfg = Release|Any CPU
		{064C225A-6752-4E4C-932D-66449DA27569}.AppStore|ARM.Build.0 = Release|Any CPU
		{064C225A-6752-4E4C-932D-66449DA27569}.AppStore|ARM.Deploy.0 = Release|Any CPU
		{064C225A-6752-4E4C-932D-66449DA27569}.AppStore|iPhone.ActiveCfg = Release|Any CPU
		{064C225A-6752-4E4C-932D-66449DA27569}.AppStore|iPhone.Build.0 = Release|Any CPU
		{064C225A-6752-4E4C-932D-66449DA27569}.AppStore|iPhone.Deploy.0 = Release|Any CPU
		{064C225A-6752-4E4C-932D-66449DA27569}.AppStore|iPhoneSimulator.ActiveCfg = Release|Any CPU
		{064C225A-6752-4E4C-932D-66449DA27569}.AppStore|iPhoneSimulator.Build.0 = Release|Any CPU
		{064C225A-6752-4E4C-932D-66449DA27569}.AppStore|iPhoneSimulator.Deploy.0 = Release|Any CPU
		{064C225A-6752-4E4C-932D-66449DA27569}.AppStore|x64.ActiveCfg = Release|Any CPU
		{064C225A-6752-4E4C-932D-66449DA27569}.AppStore|x64.Build.0 = Release|Any CPU
		{064C225A-6752-4E4C-932D-66449DA27569}.AppStore|x64.Deploy.0 = Release|Any CPU
		{064C225A-6752-4E4C-932D-66449DA27569}.AppStore|x86.ActiveCfg = Release|Any CPU
		{064C225A-6752-4E4C-932D-66449DA27569}.AppStore|x86.Build.0 = Release|Any CPU
		{064C225A-6752-4E4C-932D-66449DA27569}.AppStore|x86.Deploy.0 = Release|Any CPU
		{064C225A-6752-4E4C-932D-66449DA27569}.Debug|Any CPU.ActiveCfg = Debug|Any CPU
		{064C225A-6752-4E4C-932D-66449DA27569}.Debug|Any CPU.Build.0 = Debug|Any CPU
		{064C225A-6752-4E4C-932D-66449DA27569}.Debug|Any CPU.Deploy.0 = Debug|Any CPU
		{064C225A-6752-4E4C-932D-66449DA27569}.Debug|ARM.ActiveCfg = Debug|Any CPU
		{064C225A-6752-4E4C-932D-66449DA27569}.Debug|ARM.Build.0 = Debug|Any CPU
		{064C225A-6752-4E4C-932D-66449DA27569}.Debug|ARM.Deploy.0 = Debug|Any CPU
		{064C225A-6752-4E4C-932D-66449DA27569}.Debug|iPhone.ActiveCfg = Debug|Any CPU
		{064C225A-6752-4E4C-932D-66449DA27569}.Debug|iPhone.Build.0 = Debug|Any CPU
		{064C225A-6752-4E4C-932D-66449DA27569}.Debug|iPhone.Deploy.0 = Debug|Any CPU
		{064C225A-6752-4E4C-932D-66449DA27569}.Debug|iPhoneSimulator.ActiveCfg = Debug|Any CPU
		{064C225A-6752-4E4C-932D-66449DA27569}.Debug|iPhoneSimulator.Build.0 = Debug|Any CPU
		{064C225A-6752-4E4C-932D-66449DA27569}.Debug|iPhoneSimulator.Deploy.0 = Debug|Any CPU
		{064C225A-6752-4E4C-932D-66449DA27569}.Debug|x64.ActiveCfg = Debug|Any CPU
		{064C225A-6752-4E4C-932D-66449DA27569}.Debug|x64.Build.0 = Debug|Any CPU
		{064C225A-6752-4E4C-932D-66449DA27569}.Debug|x64.Deploy.0 = Debug|Any CPU
		{064C225A-6752-4E4C-932D-66449DA27569}.Debug|x86.ActiveCfg = Debug|Any CPU
		{064C225A-6752-4E4C-932D-66449DA27569}.Debug|x86.Build.0 = Debug|Any CPU
		{064C225A-6752-4E4C-932D-66449DA27569}.Debug|x86.Deploy.0 = Debug|Any CPU
		{064C225A-6752-4E4C-932D-66449DA27569}.Release|Any CPU.ActiveCfg = Release|Any CPU
		{064C225A-6752-4E4C-932D-66449DA27569}.Release|Any CPU.Build.0 = Release|Any CPU
		{064C225A-6752-4E4C-932D-66449DA27569}.Release|Any CPU.Deploy.0 = Release|Any CPU
		{064C225A-6752-4E4C-932D-66449DA27569}.Release|ARM.ActiveCfg = Release|Any CPU
		{064C225A-6752-4E4C-932D-66449DA27569}.Release|ARM.Build.0 = Release|Any CPU
		{064C225A-6752-4E4C-932D-66449DA27569}.Release|ARM.Deploy.0 = Release|Any CPU
		{064C225A-6752-4E4C-932D-66449DA27569}.Release|iPhone.ActiveCfg = Release|Any CPU
		{064C225A-6752-4E4C-932D-66449DA27569}.Release|iPhone.Build.0 = Release|Any CPU
		{064C225A-6752-4E4C-932D-66449DA27569}.Release|iPhone.Deploy.0 = Release|Any CPU
		{064C225A-6752-4E4C-932D-66449DA27569}.Release|iPhoneSimulator.ActiveCfg = Release|Any CPU
		{064C225A-6752-4E4C-932D-66449DA27569}.Release|iPhoneSimulator.Build.0 = Release|Any CPU
		{064C225A-6752-4E4C-932D-66449DA27569}.Release|iPhoneSimulator.Deploy.0 = Release|Any CPU
		{064C225A-6752-4E4C-932D-66449DA27569}.Release|x64.ActiveCfg = Release|Any CPU
		{064C225A-6752-4E4C-932D-66449DA27569}.Release|x64.Build.0 = Release|Any CPU
		{064C225A-6752-4E4C-932D-66449DA27569}.Release|x64.Deploy.0 = Release|Any CPU
		{064C225A-6752-4E4C-932D-66449DA27569}.Release|x86.ActiveCfg = Release|Any CPU
		{064C225A-6752-4E4C-932D-66449DA27569}.Release|x86.Build.0 = Release|Any CPU
		{064C225A-6752-4E4C-932D-66449DA27569}.Release|x86.Deploy.0 = Release|Any CPU
		{CB96D3C5-734B-4DBB-BBC1-10913D29BBD3}.Ad-Hoc|Any CPU.ActiveCfg = Release|Any CPU
		{CB96D3C5-734B-4DBB-BBC1-10913D29BBD3}.Ad-Hoc|Any CPU.Build.0 = Release|Any CPU
		{CB96D3C5-734B-4DBB-BBC1-10913D29BBD3}.Ad-Hoc|ARM.ActiveCfg = Release|Any CPU
		{CB96D3C5-734B-4DBB-BBC1-10913D29BBD3}.Ad-Hoc|ARM.Build.0 = Release|Any CPU
		{CB96D3C5-734B-4DBB-BBC1-10913D29BBD3}.Ad-Hoc|iPhone.ActiveCfg = Release|Any CPU
		{CB96D3C5-734B-4DBB-BBC1-10913D29BBD3}.Ad-Hoc|iPhone.Build.0 = Release|Any CPU
		{CB96D3C5-734B-4DBB-BBC1-10913D29BBD3}.Ad-Hoc|iPhoneSimulator.ActiveCfg = Release|Any CPU
		{CB96D3C5-734B-4DBB-BBC1-10913D29BBD3}.Ad-Hoc|iPhoneSimulator.Build.0 = Release|Any CPU
		{CB96D3C5-734B-4DBB-BBC1-10913D29BBD3}.Ad-Hoc|x64.ActiveCfg = Release|Any CPU
		{CB96D3C5-734B-4DBB-BBC1-10913D29BBD3}.Ad-Hoc|x64.Build.0 = Release|Any CPU
		{CB96D3C5-734B-4DBB-BBC1-10913D29BBD3}.Ad-Hoc|x86.ActiveCfg = Release|Any CPU
		{CB96D3C5-734B-4DBB-BBC1-10913D29BBD3}.Ad-Hoc|x86.Build.0 = Release|Any CPU
		{CB96D3C5-734B-4DBB-BBC1-10913D29BBD3}.AppStore|Any CPU.ActiveCfg = Release|Any CPU
		{CB96D3C5-734B-4DBB-BBC1-10913D29BBD3}.AppStore|Any CPU.Build.0 = Release|Any CPU
		{CB96D3C5-734B-4DBB-BBC1-10913D29BBD3}.AppStore|ARM.ActiveCfg = Release|Any CPU
		{CB96D3C5-734B-4DBB-BBC1-10913D29BBD3}.AppStore|ARM.Build.0 = Release|Any CPU
		{CB96D3C5-734B-4DBB-BBC1-10913D29BBD3}.AppStore|iPhone.ActiveCfg = Release|Any CPU
		{CB96D3C5-734B-4DBB-BBC1-10913D29BBD3}.AppStore|iPhone.Build.0 = Release|Any CPU
		{CB96D3C5-734B-4DBB-BBC1-10913D29BBD3}.AppStore|iPhoneSimulator.ActiveCfg = Release|Any CPU
		{CB96D3C5-734B-4DBB-BBC1-10913D29BBD3}.AppStore|iPhoneSimulator.Build.0 = Release|Any CPU
		{CB96D3C5-734B-4DBB-BBC1-10913D29BBD3}.AppStore|x64.ActiveCfg = Release|Any CPU
		{CB96D3C5-734B-4DBB-BBC1-10913D29BBD3}.AppStore|x64.Build.0 = Release|Any CPU
		{CB96D3C5-734B-4DBB-BBC1-10913D29BBD3}.AppStore|x86.ActiveCfg = Release|Any CPU
		{CB96D3C5-734B-4DBB-BBC1-10913D29BBD3}.AppStore|x86.Build.0 = Release|Any CPU
		{CB96D3C5-734B-4DBB-BBC1-10913D29BBD3}.Debug|Any CPU.ActiveCfg = Debug|Any CPU
		{CB96D3C5-734B-4DBB-BBC1-10913D29BBD3}.Debug|Any CPU.Build.0 = Debug|Any CPU
		{CB96D3C5-734B-4DBB-BBC1-10913D29BBD3}.Debug|ARM.ActiveCfg = Debug|Any CPU
		{CB96D3C5-734B-4DBB-BBC1-10913D29BBD3}.Debug|ARM.Build.0 = Debug|Any CPU
		{CB96D3C5-734B-4DBB-BBC1-10913D29BBD3}.Debug|iPhone.ActiveCfg = Debug|Any CPU
		{CB96D3C5-734B-4DBB-BBC1-10913D29BBD3}.Debug|iPhone.Build.0 = Debug|Any CPU
		{CB96D3C5-734B-4DBB-BBC1-10913D29BBD3}.Debug|iPhoneSimulator.ActiveCfg = Debug|Any CPU
		{CB96D3C5-734B-4DBB-BBC1-10913D29BBD3}.Debug|iPhoneSimulator.Build.0 = Debug|Any CPU
		{CB96D3C5-734B-4DBB-BBC1-10913D29BBD3}.Debug|x64.ActiveCfg = Debug|Any CPU
		{CB96D3C5-734B-4DBB-BBC1-10913D29BBD3}.Debug|x64.Build.0 = Debug|Any CPU
		{CB96D3C5-734B-4DBB-BBC1-10913D29BBD3}.Debug|x86.ActiveCfg = Debug|Any CPU
		{CB96D3C5-734B-4DBB-BBC1-10913D29BBD3}.Debug|x86.Build.0 = Debug|Any CPU
		{CB96D3C5-734B-4DBB-BBC1-10913D29BBD3}.Release|Any CPU.ActiveCfg = Release|Any CPU
		{CB96D3C5-734B-4DBB-BBC1-10913D29BBD3}.Release|Any CPU.Build.0 = Release|Any CPU
		{CB96D3C5-734B-4DBB-BBC1-10913D29BBD3}.Release|ARM.ActiveCfg = Release|Any CPU
		{CB96D3C5-734B-4DBB-BBC1-10913D29BBD3}.Release|ARM.Build.0 = Release|Any CPU
		{CB96D3C5-734B-4DBB-BBC1-10913D29BBD3}.Release|iPhone.ActiveCfg = Release|Any CPU
		{CB96D3C5-734B-4DBB-BBC1-10913D29BBD3}.Release|iPhone.Build.0 = Release|Any CPU
		{CB96D3C5-734B-4DBB-BBC1-10913D29BBD3}.Release|iPhoneSimulator.ActiveCfg = Release|Any CPU
		{CB96D3C5-734B-4DBB-BBC1-10913D29BBD3}.Release|iPhoneSimulator.Build.0 = Release|Any CPU
		{CB96D3C5-734B-4DBB-BBC1-10913D29BBD3}.Release|x64.ActiveCfg = Release|Any CPU
		{CB96D3C5-734B-4DBB-BBC1-10913D29BBD3}.Release|x64.Build.0 = Release|Any CPU
		{CB96D3C5-734B-4DBB-BBC1-10913D29BBD3}.Release|x86.ActiveCfg = Release|Any CPU
		{CB96D3C5-734B-4DBB-BBC1-10913D29BBD3}.Release|x86.Build.0 = Release|Any CPU
		{D805468A-A917-4FF8-BE53-B3FA0A29F1B8}.Ad-Hoc|Any CPU.ActiveCfg = Release|x86
		{D805468A-A917-4FF8-BE53-B3FA0A29F1B8}.Ad-Hoc|Any CPU.Build.0 = Release|x86
		{D805468A-A917-4FF8-BE53-B3FA0A29F1B8}.Ad-Hoc|Any CPU.Deploy.0 = Release|x86
		{D805468A-A917-4FF8-BE53-B3FA0A29F1B8}.Ad-Hoc|ARM.ActiveCfg = Release|ARM
		{D805468A-A917-4FF8-BE53-B3FA0A29F1B8}.Ad-Hoc|ARM.Build.0 = Release|ARM
		{D805468A-A917-4FF8-BE53-B3FA0A29F1B8}.Ad-Hoc|ARM.Deploy.0 = Release|ARM
		{D805468A-A917-4FF8-BE53-B3FA0A29F1B8}.Ad-Hoc|iPhone.ActiveCfg = Release|x86
		{D805468A-A917-4FF8-BE53-B3FA0A29F1B8}.Ad-Hoc|iPhone.Build.0 = Release|x86
		{D805468A-A917-4FF8-BE53-B3FA0A29F1B8}.Ad-Hoc|iPhone.Deploy.0 = Release|x86
		{D805468A-A917-4FF8-BE53-B3FA0A29F1B8}.Ad-Hoc|iPhoneSimulator.ActiveCfg = Release|x86
		{D805468A-A917-4FF8-BE53-B3FA0A29F1B8}.Ad-Hoc|iPhoneSimulator.Build.0 = Release|x86
		{D805468A-A917-4FF8-BE53-B3FA0A29F1B8}.Ad-Hoc|iPhoneSimulator.Deploy.0 = Release|x86
		{D805468A-A917-4FF8-BE53-B3FA0A29F1B8}.Ad-Hoc|x64.ActiveCfg = Release|x64
		{D805468A-A917-4FF8-BE53-B3FA0A29F1B8}.Ad-Hoc|x64.Build.0 = Release|x64
		{D805468A-A917-4FF8-BE53-B3FA0A29F1B8}.Ad-Hoc|x64.Deploy.0 = Release|x64
		{D805468A-A917-4FF8-BE53-B3FA0A29F1B8}.Ad-Hoc|x86.ActiveCfg = Release|x86
		{D805468A-A917-4FF8-BE53-B3FA0A29F1B8}.Ad-Hoc|x86.Build.0 = Release|x86
		{D805468A-A917-4FF8-BE53-B3FA0A29F1B8}.Ad-Hoc|x86.Deploy.0 = Release|x86
		{D805468A-A917-4FF8-BE53-B3FA0A29F1B8}.AppStore|Any CPU.ActiveCfg = Release|x86
		{D805468A-A917-4FF8-BE53-B3FA0A29F1B8}.AppStore|Any CPU.Build.0 = Release|x86
		{D805468A-A917-4FF8-BE53-B3FA0A29F1B8}.AppStore|Any CPU.Deploy.0 = Release|x86
		{D805468A-A917-4FF8-BE53-B3FA0A29F1B8}.AppStore|ARM.ActiveCfg = Release|ARM
		{D805468A-A917-4FF8-BE53-B3FA0A29F1B8}.AppStore|ARM.Build.0 = Release|ARM
		{D805468A-A917-4FF8-BE53-B3FA0A29F1B8}.AppStore|ARM.Deploy.0 = Release|ARM
		{D805468A-A917-4FF8-BE53-B3FA0A29F1B8}.AppStore|iPhone.ActiveCfg = Release|x86
		{D805468A-A917-4FF8-BE53-B3FA0A29F1B8}.AppStore|iPhone.Build.0 = Release|x86
		{D805468A-A917-4FF8-BE53-B3FA0A29F1B8}.AppStore|iPhone.Deploy.0 = Release|x86
		{D805468A-A917-4FF8-BE53-B3FA0A29F1B8}.AppStore|iPhoneSimulator.ActiveCfg = Release|x86
		{D805468A-A917-4FF8-BE53-B3FA0A29F1B8}.AppStore|iPhoneSimulator.Build.0 = Release|x86
		{D805468A-A917-4FF8-BE53-B3FA0A29F1B8}.AppStore|iPhoneSimulator.Deploy.0 = Release|x86
		{D805468A-A917-4FF8-BE53-B3FA0A29F1B8}.AppStore|x64.ActiveCfg = Release|x64
		{D805468A-A917-4FF8-BE53-B3FA0A29F1B8}.AppStore|x64.Build.0 = Release|x64
		{D805468A-A917-4FF8-BE53-B3FA0A29F1B8}.AppStore|x64.Deploy.0 = Release|x64
		{D805468A-A917-4FF8-BE53-B3FA0A29F1B8}.AppStore|x86.ActiveCfg = Release|x86
		{D805468A-A917-4FF8-BE53-B3FA0A29F1B8}.AppStore|x86.Build.0 = Release|x86
		{D805468A-A917-4FF8-BE53-B3FA0A29F1B8}.AppStore|x86.Deploy.0 = Release|x86
		{D805468A-A917-4FF8-BE53-B3FA0A29F1B8}.Debug|Any CPU.ActiveCfg = Debug|x86
		{D805468A-A917-4FF8-BE53-B3FA0A29F1B8}.Debug|Any CPU.Build.0 = Debug|x86
		{D805468A-A917-4FF8-BE53-B3FA0A29F1B8}.Debug|Any CPU.Deploy.0 = Debug|x86
		{D805468A-A917-4FF8-BE53-B3FA0A29F1B8}.Debug|ARM.ActiveCfg = Debug|ARM
		{D805468A-A917-4FF8-BE53-B3FA0A29F1B8}.Debug|ARM.Build.0 = Debug|ARM
		{D805468A-A917-4FF8-BE53-B3FA0A29F1B8}.Debug|ARM.Deploy.0 = Debug|ARM
		{D805468A-A917-4FF8-BE53-B3FA0A29F1B8}.Debug|iPhone.ActiveCfg = Debug|x86
		{D805468A-A917-4FF8-BE53-B3FA0A29F1B8}.Debug|iPhoneSimulator.ActiveCfg = Debug|x86
		{D805468A-A917-4FF8-BE53-B3FA0A29F1B8}.Debug|x64.ActiveCfg = Debug|x64
		{D805468A-A917-4FF8-BE53-B3FA0A29F1B8}.Debug|x64.Build.0 = Debug|x64
		{D805468A-A917-4FF8-BE53-B3FA0A29F1B8}.Debug|x64.Deploy.0 = Debug|x64
		{D805468A-A917-4FF8-BE53-B3FA0A29F1B8}.Debug|x86.ActiveCfg = Debug|x86
		{D805468A-A917-4FF8-BE53-B3FA0A29F1B8}.Debug|x86.Build.0 = Debug|x86
		{D805468A-A917-4FF8-BE53-B3FA0A29F1B8}.Debug|x86.Deploy.0 = Debug|x86
		{D805468A-A917-4FF8-BE53-B3FA0A29F1B8}.Release|Any CPU.ActiveCfg = Release|x86
		{D805468A-A917-4FF8-BE53-B3FA0A29F1B8}.Release|ARM.ActiveCfg = Release|ARM
		{D805468A-A917-4FF8-BE53-B3FA0A29F1B8}.Release|ARM.Build.0 = Release|ARM
		{D805468A-A917-4FF8-BE53-B3FA0A29F1B8}.Release|ARM.Deploy.0 = Release|ARM
		{D805468A-A917-4FF8-BE53-B3FA0A29F1B8}.Release|iPhone.ActiveCfg = Release|x86
		{D805468A-A917-4FF8-BE53-B3FA0A29F1B8}.Release|iPhoneSimulator.ActiveCfg = Release|x86
		{D805468A-A917-4FF8-BE53-B3FA0A29F1B8}.Release|x64.ActiveCfg = Release|x64
		{D805468A-A917-4FF8-BE53-B3FA0A29F1B8}.Release|x64.Build.0 = Release|x64
		{D805468A-A917-4FF8-BE53-B3FA0A29F1B8}.Release|x64.Deploy.0 = Release|x64
		{D805468A-A917-4FF8-BE53-B3FA0A29F1B8}.Release|x86.ActiveCfg = Release|x86
		{D805468A-A917-4FF8-BE53-B3FA0A29F1B8}.Release|x86.Build.0 = Release|x86
		{D805468A-A917-4FF8-BE53-B3FA0A29F1B8}.Release|x86.Deploy.0 = Release|x86
		{CEBB3DFF-34B7-4D71-A9A6-7B758DCF8037}.Ad-Hoc|Any CPU.ActiveCfg = Ad-Hoc|iPhone
		{CEBB3DFF-34B7-4D71-A9A6-7B758DCF8037}.Ad-Hoc|ARM.ActiveCfg = Ad-Hoc|iPhone
		{CEBB3DFF-34B7-4D71-A9A6-7B758DCF8037}.Ad-Hoc|iPhone.ActiveCfg = Ad-Hoc|iPhone
		{CEBB3DFF-34B7-4D71-A9A6-7B758DCF8037}.Ad-Hoc|iPhone.Build.0 = Ad-Hoc|iPhone
		{CEBB3DFF-34B7-4D71-A9A6-7B758DCF8037}.Ad-Hoc|iPhoneSimulator.ActiveCfg = Ad-Hoc|iPhoneSimulator
		{CEBB3DFF-34B7-4D71-A9A6-7B758DCF8037}.Ad-Hoc|iPhoneSimulator.Build.0 = Ad-Hoc|iPhoneSimulator
		{CEBB3DFF-34B7-4D71-A9A6-7B758DCF8037}.Ad-Hoc|x64.ActiveCfg = Ad-Hoc|iPhone
		{CEBB3DFF-34B7-4D71-A9A6-7B758DCF8037}.Ad-Hoc|x86.ActiveCfg = Ad-Hoc|iPhone
		{CEBB3DFF-34B7-4D71-A9A6-7B758DCF8037}.AppStore|Any CPU.ActiveCfg = AppStore|iPhone
		{CEBB3DFF-34B7-4D71-A9A6-7B758DCF8037}.AppStore|ARM.ActiveCfg = AppStore|iPhone
		{CEBB3DFF-34B7-4D71-A9A6-7B758DCF8037}.AppStore|iPhone.ActiveCfg = AppStore|iPhone
		{CEBB3DFF-34B7-4D71-A9A6-7B758DCF8037}.AppStore|iPhone.Build.0 = AppStore|iPhone
		{CEBB3DFF-34B7-4D71-A9A6-7B758DCF8037}.AppStore|iPhoneSimulator.ActiveCfg = AppStore|iPhoneSimulator
		{CEBB3DFF-34B7-4D71-A9A6-7B758DCF8037}.AppStore|iPhoneSimulator.Build.0 = AppStore|iPhoneSimulator
		{CEBB3DFF-34B7-4D71-A9A6-7B758DCF8037}.AppStore|x64.ActiveCfg = AppStore|iPhone
		{CEBB3DFF-34B7-4D71-A9A6-7B758DCF8037}.AppStore|x86.ActiveCfg = AppStore|iPhone
		{CEBB3DFF-34B7-4D71-A9A6-7B758DCF8037}.Debug|Any CPU.ActiveCfg = Debug|iPhone
		{CEBB3DFF-34B7-4D71-A9A6-7B758DCF8037}.Debug|ARM.ActiveCfg = Debug|iPhone
		{CEBB3DFF-34B7-4D71-A9A6-7B758DCF8037}.Debug|iPhone.ActiveCfg = Debug|iPhone
		{CEBB3DFF-34B7-4D71-A9A6-7B758DCF8037}.Debug|iPhone.Build.0 = Debug|iPhone
		{CEBB3DFF-34B7-4D71-A9A6-7B758DCF8037}.Debug|iPhoneSimulator.ActiveCfg = Debug|iPhoneSimulator
		{CEBB3DFF-34B7-4D71-A9A6-7B758DCF8037}.Debug|iPhoneSimulator.Build.0 = Debug|iPhoneSimulator
		{CEBB3DFF-34B7-4D71-A9A6-7B758DCF8037}.Debug|x64.ActiveCfg = Debug|iPhone
		{CEBB3DFF-34B7-4D71-A9A6-7B758DCF8037}.Debug|x86.ActiveCfg = Debug|iPhone
		{CEBB3DFF-34B7-4D71-A9A6-7B758DCF8037}.Release|Any CPU.ActiveCfg = Release|iPhone
		{CEBB3DFF-34B7-4D71-A9A6-7B758DCF8037}.Release|ARM.ActiveCfg = Release|iPhone
		{CEBB3DFF-34B7-4D71-A9A6-7B758DCF8037}.Release|iPhone.ActiveCfg = Release|iPhone
		{CEBB3DFF-34B7-4D71-A9A6-7B758DCF8037}.Release|iPhone.Build.0 = Release|iPhone
		{CEBB3DFF-34B7-4D71-A9A6-7B758DCF8037}.Release|iPhoneSimulator.ActiveCfg = Release|iPhoneSimulator
		{CEBB3DFF-34B7-4D71-A9A6-7B758DCF8037}.Release|iPhoneSimulator.Build.0 = Release|iPhoneSimulator
		{CEBB3DFF-34B7-4D71-A9A6-7B758DCF8037}.Release|x64.ActiveCfg = Release|iPhone
		{CEBB3DFF-34B7-4D71-A9A6-7B758DCF8037}.Release|x86.ActiveCfg = Release|iPhone
		{67F9D3A8-F71E-4428-913F-C37AE82CDB24}.Ad-Hoc|Any CPU.ActiveCfg = Release|Any CPU
		{67F9D3A8-F71E-4428-913F-C37AE82CDB24}.Ad-Hoc|Any CPU.Build.0 = Release|Any CPU
		{67F9D3A8-F71E-4428-913F-C37AE82CDB24}.Ad-Hoc|ARM.ActiveCfg = Release|Any CPU
		{67F9D3A8-F71E-4428-913F-C37AE82CDB24}.Ad-Hoc|ARM.Build.0 = Release|Any CPU
		{67F9D3A8-F71E-4428-913F-C37AE82CDB24}.Ad-Hoc|iPhone.ActiveCfg = Release|Any CPU
		{67F9D3A8-F71E-4428-913F-C37AE82CDB24}.Ad-Hoc|iPhone.Build.0 = Release|Any CPU
		{67F9D3A8-F71E-4428-913F-C37AE82CDB24}.Ad-Hoc|iPhoneSimulator.ActiveCfg = Release|Any CPU
		{67F9D3A8-F71E-4428-913F-C37AE82CDB24}.Ad-Hoc|iPhoneSimulator.Build.0 = Release|Any CPU
		{67F9D3A8-F71E-4428-913F-C37AE82CDB24}.Ad-Hoc|x64.ActiveCfg = Release|Any CPU
		{67F9D3A8-F71E-4428-913F-C37AE82CDB24}.Ad-Hoc|x64.Build.0 = Release|Any CPU
		{67F9D3A8-F71E-4428-913F-C37AE82CDB24}.Ad-Hoc|x86.ActiveCfg = Release|Any CPU
		{67F9D3A8-F71E-4428-913F-C37AE82CDB24}.Ad-Hoc|x86.Build.0 = Release|Any CPU
		{67F9D3A8-F71E-4428-913F-C37AE82CDB24}.AppStore|Any CPU.ActiveCfg = Release|Any CPU
		{67F9D3A8-F71E-4428-913F-C37AE82CDB24}.AppStore|Any CPU.Build.0 = Release|Any CPU
		{67F9D3A8-F71E-4428-913F-C37AE82CDB24}.AppStore|ARM.ActiveCfg = Release|Any CPU
		{67F9D3A8-F71E-4428-913F-C37AE82CDB24}.AppStore|ARM.Build.0 = Release|Any CPU
		{67F9D3A8-F71E-4428-913F-C37AE82CDB24}.AppStore|iPhone.ActiveCfg = Release|Any CPU
		{67F9D3A8-F71E-4428-913F-C37AE82CDB24}.AppStore|iPhone.Build.0 = Release|Any CPU
		{67F9D3A8-F71E-4428-913F-C37AE82CDB24}.AppStore|iPhoneSimulator.ActiveCfg = Release|Any CPU
		{67F9D3A8-F71E-4428-913F-C37AE82CDB24}.AppStore|iPhoneSimulator.Build.0 = Release|Any CPU
		{67F9D3A8-F71E-4428-913F-C37AE82CDB24}.AppStore|x64.ActiveCfg = Release|Any CPU
		{67F9D3A8-F71E-4428-913F-C37AE82CDB24}.AppStore|x64.Build.0 = Release|Any CPU
		{67F9D3A8-F71E-4428-913F-C37AE82CDB24}.AppStore|x86.ActiveCfg = Release|Any CPU
		{67F9D3A8-F71E-4428-913F-C37AE82CDB24}.AppStore|x86.Build.0 = Release|Any CPU
		{67F9D3A8-F71E-4428-913F-C37AE82CDB24}.Debug|Any CPU.ActiveCfg = Debug|Any CPU
		{67F9D3A8-F71E-4428-913F-C37AE82CDB24}.Debug|Any CPU.Build.0 = Debug|Any CPU
		{67F9D3A8-F71E-4428-913F-C37AE82CDB24}.Debug|ARM.ActiveCfg = Debug|Any CPU
		{67F9D3A8-F71E-4428-913F-C37AE82CDB24}.Debug|ARM.Build.0 = Debug|Any CPU
		{67F9D3A8-F71E-4428-913F-C37AE82CDB24}.Debug|iPhone.ActiveCfg = Debug|Any CPU
		{67F9D3A8-F71E-4428-913F-C37AE82CDB24}.Debug|iPhone.Build.0 = Debug|Any CPU
		{67F9D3A8-F71E-4428-913F-C37AE82CDB24}.Debug|iPhoneSimulator.ActiveCfg = Debug|Any CPU
		{67F9D3A8-F71E-4428-913F-C37AE82CDB24}.Debug|iPhoneSimulator.Build.0 = Debug|Any CPU
		{67F9D3A8-F71E-4428-913F-C37AE82CDB24}.Debug|x64.ActiveCfg = Debug|Any CPU
		{67F9D3A8-F71E-4428-913F-C37AE82CDB24}.Debug|x64.Build.0 = Debug|Any CPU
		{67F9D3A8-F71E-4428-913F-C37AE82CDB24}.Debug|x86.ActiveCfg = Debug|Any CPU
		{67F9D3A8-F71E-4428-913F-C37AE82CDB24}.Debug|x86.Build.0 = Debug|Any CPU
		{67F9D3A8-F71E-4428-913F-C37AE82CDB24}.Release|Any CPU.ActiveCfg = Release|Any CPU
		{67F9D3A8-F71E-4428-913F-C37AE82CDB24}.Release|Any CPU.Build.0 = Release|Any CPU
		{67F9D3A8-F71E-4428-913F-C37AE82CDB24}.Release|ARM.ActiveCfg = Release|Any CPU
		{67F9D3A8-F71E-4428-913F-C37AE82CDB24}.Release|ARM.Build.0 = Release|Any CPU
		{67F9D3A8-F71E-4428-913F-C37AE82CDB24}.Release|iPhone.ActiveCfg = Release|Any CPU
		{67F9D3A8-F71E-4428-913F-C37AE82CDB24}.Release|iPhone.Build.0 = Release|Any CPU
		{67F9D3A8-F71E-4428-913F-C37AE82CDB24}.Release|iPhoneSimulator.ActiveCfg = Release|Any CPU
		{67F9D3A8-F71E-4428-913F-C37AE82CDB24}.Release|iPhoneSimulator.Build.0 = Release|Any CPU
		{67F9D3A8-F71E-4428-913F-C37AE82CDB24}.Release|x64.ActiveCfg = Release|Any CPU
		{67F9D3A8-F71E-4428-913F-C37AE82CDB24}.Release|x64.Build.0 = Release|Any CPU
		{67F9D3A8-F71E-4428-913F-C37AE82CDB24}.Release|x86.ActiveCfg = Release|Any CPU
		{67F9D3A8-F71E-4428-913F-C37AE82CDB24}.Release|x86.Build.0 = Release|Any CPU
	EndGlobalSection
	GlobalSection(SolutionProperties) = preSolution
		HideSolutionNode = FALSE
	EndGlobalSection
EndGlobal
